
Microsoft Visual Studio Solution File, Format Version 12.00
# Visual Studio Version 17
VisualStudioVersion = 17.0.31710.8
MinimumVisualStudioVersion = 10.0.40219.1
Project("{FAE04EC0-301F-11D3-BF4B-00C04F79EFBC}") = "GitInspector", "GitInspector\GitInspector.csproj", "{95BDACE8-3B5C-40CF-98AC-47F66D3F3AB6}"
EndProject
Global
	GlobalSection(SolutionConfigurationPlatforms) = preSolution
		Debug|Any CPU = Debug|Any CPU
		Release|Any CPU = Release|Any CPU
	EndGlobalSection
	GlobalSection(ProjectConfigurationPlatforms) = postSolution
		{95BDACE8-3B5C-40CF-98AC-47F66D3F3AB6}.Debug|Any CPU.ActiveCfg = Debug|Any CPU
		{95BDACE8-3B5C-40CF-98AC-47F66D3F3AB6}.Debug|Any CPU.Build.0 = Debug|Any CPU
		{95BDACE8-3B5C-40CF-98AC-47F66D3F3AB6}.Release|Any CPU.ActiveCfg = Release|Any CPU
		{95BDACE8-3B5C-40CF-98AC-47F66D3F3AB6}.Release|Any CPU.Build.0 = Release|Any CPU
	EndGlobalSection
	GlobalSection(SolutionProperties) = preSolution
		HideSolutionNode = FALSE
	EndGlobalSection
	GlobalSection(ExtensibilityGlobals) = postSolution
		SolutionGuid = {38508494-F4C0-467A-8B50-156C9B9B9A26}
	EndGlobalSection
EndGlobal
